{
  "name": "@node-core/utils",
  "version": "5.14.0",
  "lockfileVersion": 3,
  "requires": true,
  "packages": {
    "": {
      "name": "@node-core/utils",
      "version": "5.14.0",
      "license": "MIT",
      "dependencies": {
        "@jest/globals": "^29.7.0",
        "cpx": "^1.5.0",
        "jest": "^29.7.0",
        "lodash": "^4.17.21",
        "npm-run-all": "^4.1.5",
        "rimraf": "^5.0.5",
        "yargs": "^17.7.2"
      },
      "engines": {
        "node": "^18.18.0 || >=20.0.0"
      }
    },
    "node_modules/@jest/globals": {
      "version": "29.7.0",
      "resolved": "https://registry.npmjs.org/@jest/globals/-/globals-29.7.0.tgz",
      "integrity": "sha512-1r4b3HxH0F7GKW0udB9Fk4kSqG7dXtra5k2o8w8tD61JY6LQdP1uHd+O6kujWHd0K7WmoUG+2vJIB9YFbYKJumQ==",
      "dev": true,
      "dependencies": {
        "@jest/expect": "^29.7.0",
        "@jest/types": "^29.6.3",
        "jest-mock": "^29.7.0"
      },
      "engines": {
        "node": "^14.15.0 || ^16.10.0 || >=18.0.0"
      }
    },
    "node_modules/cpx": {
      "version": "1.5.0",
      "resolved": "https://registry.npmjs.org/cpx/-/cpx-1.5.0.tgz",
      "integrity": "sha512-0mpRsrc3Y6B7c7wkR5iL0x+FFNrvx0WcKkK10Wmw1p4WR03r3A8u0O5F6A3rDpWQmgX0NxVEmW1Vl4p6JDoww==",
      "dev": true,
      "dependencies": {
        "chokidar": "^1.4.1",
        "glob": "^5.0.10",
        "mkdirp": "^0.5.0"
      },
      "bin": {
        "cpx": "cli.js"
      }
    },
    "node_modules/jest": {
      "version": "29.7.0",
      "resolved": "https://registry.npmjs.org/jest/-/jest-29.7.0.tgz",
      "integrity": "sha512-+kVrDz2w2g0UqRvIh2iC+3F8W5c+6QpX8b+VfA/0Y6Zx81Z+IKA3TwQUQqA45u7X1T8XWw9/5XIWxM+V8cWWKw==",
      "dev": true,
      "dependencies": {
        "@jest/core": "^29.7.0",
        "@jest/types": "^29.6.3",
        "import-local": "^3.0.2",
        "jest-cli": "^29.7.0"
      },
      "bin": {
        "jest": "bin/jest.js"
      },
      "engines": {
        "node": "^14.15.0 || ^16.10.0 || >=18.0.0"
      },
      "peerDependencies": {
        "node-notifier": "^8.0.1 || ^9.0.0 || ^10.0.0"
      },
      "peerDependenciesMeta": {
        "node-notifier": {
          "optional": true
        }
      }
    },
    "node_modules/lodash": {
      "version": "4.17.21",
      "resolved": "https://registry.npmjs.org/lodash/-/lodash-4.17.21.tgz",
      "integrity": "sha512-v2kDEe57lecTulaDIuNTPy3Ry4gLGJ6Z1O3vE1krgXZNrsQ+LFTGHVxVjcXPs17LhbZVGedAJv8XZ1tvj5FvSg=="
    },
    "node_modules/npm-run-all": {
      "version": "4.1.5",
      "resolved": "https://registry.npmjs.org/npm-run-all/-/npm-run-all-4.1.5.tgz",
      "integrity": "sha512-Oo82gJDAVcaMdi3nuoKFavkIHBRVqQ1qvMb+9LHk/cF4P6B2m8PajQr6+hQ+8FXZbq5oB6sRo1mK8tuOnlE+HA==",
      "dev": true,
      "dependencies": {
        "ansi-styles": "^3.2.0",
        "chalk": "^2.3.0",
        "cross-spawn": "^6.0.4",
        "memorystream": "^0.3.1",
        "minimist": "^1.2.0",
        "ps-tree": "^1.1.0",
        "read-pkg": "^3.0.0",
        "shell-quote": "^1.6.1",
        "string.prototype.padend": "^3.0.0"
      },
      "bin": {
        "npm-run-all": "bin/npm-run-all/index.js",
        "run-p": "bin/run-p/index.js",
        "run-s": "bin/run-s/index.js"
      },
      "engines": {
        "node": ">= 4"
      }
    },
    "node_modules/rimraf": {
      "version": "5.0.5",
      "resolved": "https://registry.npmjs.org/rimraf/-/rimraf-5.0.5.tgz",
      "integrity": "sha512-CqDakW+hMe/Bz202FPEymy68P+G50RfMQK+Qo5YUqc9SPipvbGjCGKd0RSKEelbsfQuw3g5NZDSrlZZAKurdrQ==",
      "dev": true,
      "dependencies": {
        "glob": "^10.2.7"
      },
      "bin": {
        "rimraf": "dist/cjs/src/bin.js"
      },
      "engines": {
        "node": ">=14"
      }
    },
    "node_modules/yargs": {
      "version": "17.7.2",
      "resolved": "https://registry.npmjs.org/yargs/-/yargs-17.7.2.tgz",
      "integrity": "sha512-7dSzzRQ++CKnNI/krKnYRV7JKKPUXMEh61soaHKg9mrWEhzFWhFnxPxGl+69cD1Ou63C13NUPCnmIcrvqCuM6w==",
      "dependencies": {
        "cliui": "^8.0.1",
        "escalade": "^3.1.1",
        "get-caller-file": "^2.0.5",
        "require-directory": "^2.1.1",
        "string-width": "^4.2.3",
        "y18n": "^5.0.5",
        "yargs-parser": "^21.1.1"
      },
      "engines": {
        "node": ">=12"
      }
    }
  }
}
